
Microsoft Visual Studio Solution File, Format Version 12.00
# Visual Studio Version 16
VisualStudioVersion = 16.0.31005.135
MinimumVisualStudioVersion = 10.0.40219.1
Project("{FAE04EC0-301F-11D3-BF4B-00C04F79EFBC}") = "GenshinBalladsOfBreezeAider", "GenshinBalladsOfBreezeAider\GenshinBalladsOfBreezeAider.csproj", "{8F757167-5C25-4D6F-AF68-5940DD1F2021}"
EndProject
Global
	GlobalSection(SolutionConfigurationPlatforms) = preSolution
		Debug|Any CPU = Debug|Any CPU
		Release|Any CPU = Release|Any CPU
	EndGlobalSection
	GlobalSection(ProjectConfigurationPlatforms) = postSolution
		{8F757167-5C25-4D6F-AF68-5940DD1F2021}.Debug|Any CPU.ActiveCfg = Debug|Any CPU
		{8F757167-5C25-4D6F-AF68-5940DD1F2021}.Debug|Any CPU.Build.0 = Debug|Any CPU
		{8F757167-5C25-4D6F-AF68-5940DD1F2021}.Release|Any CPU.ActiveCfg = Release|Any CPU
		{8F757167-5C25-4D6F-AF68-5940DD1F2021}.Release|Any CPU.Build.0 = Release|Any CPU
	EndGlobalSection
	GlobalSection(SolutionProperties) = preSolution
		HideSolutionNode = FALSE
	EndGlobalSection
	GlobalSection(ExtensibilityGlobals) = postSolution
		SolutionGuid = {A0BD4C93-75E0-4AB4-9436-C14D7E6081CB}
	EndGlobalSection
EndGlobal
